{
  "name": "gulplog",
  "version": "1.0.0",
  "lockfileVersion": 3,
  "requires": true,
  "packages": {
    "": {
      "name": "gulplog",
      "version": "1.0.0",
      "license": "ISC",
      "dependencies": {
        "glogg": "git://github.com/Agi-Source-Code/glogg.git"
      }
    },
    "node_modules/glogg": {
      "version": "1.0.0",
      "resolved": "git+ssh://git@github.com/Agi-Source-Code/glogg.git#6223ac9f15ee32fcd1345e6fdf62bc878a1057a6",
      "license": "ISC"
    }
  }
}
